// generated by milpa; reproducible build snapshot
version 1
strategy "maxver"

dep "proptest" {
    source {
        kind "git"
        url (url)"https://github.com/coreyleavitt/proptest"
        ref "main"
    }
    identity "dag-sha256:a394b6e67864311554506a4831f803a6fea599cda0ce7b15a25fb9f5a33a6087"
    version "0.1.0"
    declared_version_source "manifest"
    src_dir "src"
    requires "z3"
    provenance {
        origin "observed"
        kind "git"
        url "https://github.com/coreyleavitt/proptest.git"
        ref "main"
        commit_sha "4990026bec6f41ac9f3e736050159b89d98d35dc"
    }
}

dep "softlink" {
    source {
        kind "git"
        url (url)"https://github.com/coreyleavitt/softlink"
        ref "v0.11.1"
    }
    identity "dag-sha256:2f1a4cfba684ff907927d09b504bae854d5d41253344bd5d5e72aa16a74fa764"
    version "0.11.1"
    declared_version_source "nimble"
    src_dir "src"
    requires
    provenance {
        origin "observed"
        kind "git"
        url "https://github.com/coreyleavitt/softlink.git"
        ref "v0.11.1"
        commit_sha "321b13c0c70de340d646876affe0ca8939a5c8f3"
    }
}

dep "z3" {
    source {
        kind "git"
        url (url)"https://github.com/coreyleavitt/nim-z3"
        ref "main"
    }
    identity "dag-sha256:4173e70c46920490d982f0fedefb34d6ac044f2e2063463482fb33b0e606d727"
    version "0.0.0"
    src_dir "src"
    requires "softlink"
    provenance {
        origin "observed"
        kind "git"
        url "https://github.com/coreyleavitt/nim-z3.git"
        ref "main"
        commit_sha "7d9abdaefecce2e4175354a73b047e2548dd2a19"
    }
}
