// generated by milpa; reproducible build snapshot
version 1
strategy "maxver"

dep "proptest" {
    source {
        kind "git"
        url (url)"https://github.com/coreyleavitt/nelli"
        ref "ec7a405c354e79c30717b0692ad548bc8bee7414"
    }
    identity "dag-sha256:0406e5ace06f9bf3be85cbf993a027f467646f2edfe4395f756dce63a2fd3c2b"
    version "0.3.4"
    declared_version_source "manifest"
    src_dir "src"
    requires "z3"
    provenance {
        origin "observed"
        kind "git"
        url "https://github.com/coreyleavitt/nelli.git"
        ref "ec7a405c354e79c30717b0692ad548bc8bee7414"
        commit_sha "ec7a405c354e79c30717b0692ad548bc8bee7414"
    }
}

dep "softlink" {
    source {
        kind "git"
        url (url)"https://github.com/coreyleavitt/softlink"
        ref "v0.11.1"
    }
    identity "dag-sha256:2f1a4cfba684ff907927d09b504bae854d5d41253344bd5d5e72aa16a74fa764"
    version "0.11.1"
    declared_version_source "nimble"
    src_dir "src"
    requires
    provenance {
        origin "observed"
        kind "git"
        url "https://github.com/coreyleavitt/softlink.git"
        ref "v0.11.1"
        commit_sha "321b13c0c70de340d646876affe0ca8939a5c8f3"
    }
}

dep "z3" {
    source {
        kind "git"
        url (url)"https://github.com/coreyleavitt/nim-z3"
        ref "7d9abdaefecce2e4175354a73b047e2548dd2a19"
    }
    identity "dag-sha256:4173e70c46920490d982f0fedefb34d6ac044f2e2063463482fb33b0e606d727"
    version "0.0.0"
    src_dir "src"
    requires "softlink"
    provenance {
        origin "observed"
        kind "git"
        url "https://github.com/coreyleavitt/nim-z3.git"
        ref "7d9abdaefecce2e4175354a73b047e2548dd2a19"
        commit_sha "7d9abdaefecce2e4175354a73b047e2548dd2a19"
    }
}
