// generated by milpa; reproducible build snapshot
version 1
strategy "maxver"

dep "nelli" {
    source {
        kind "git"
        url (url)"https://github.com/coreyleavitt/nelli"
        ref "549dae8b7998985588b4cb7e6033cd52ffbcef68"
    }
    identity "dag-sha256:c705e1132be63abd1b051727726290bf012ed389e90d18ccfadb3dd64d7f2b8d"
    version "0.8.0"
    declared_version_source "manifest"
    src_dir "src"
    requires "z3"
    provenance {
        origin "observed"
        kind "git"
        url "https://github.com/coreyleavitt/nelli.git"
        ref "549dae8b7998985588b4cb7e6033cd52ffbcef68"
        commit_sha "549dae8b7998985588b4cb7e6033cd52ffbcef68"
    }
}

dep "softlink" {
    source {
        kind "git"
        url (url)"https://github.com/coreyleavitt/softlink"
        ref "v0.11.1"
    }
    identity "dag-sha256:2f1a4cfba684ff907927d09b504bae854d5d41253344bd5d5e72aa16a74fa764"
    version "0.11.1"
    declared_version_source "nimble"
    src_dir "src"
    requires
    provenance {
        origin "observed"
        kind "git"
        url "https://github.com/coreyleavitt/softlink.git"
        ref "v0.11.1"
        commit_sha "321b13c0c70de340d646876affe0ca8939a5c8f3"
    }
}

dep "z3" {
    source {
        kind "git"
        url (url)"https://github.com/coreyleavitt/nim-z3"
        ref "7d9abdaefecce2e4175354a73b047e2548dd2a19"
    }
    identity "dag-sha256:4173e70c46920490d982f0fedefb34d6ac044f2e2063463482fb33b0e606d727"
    version "0.0.0"
    src_dir "src"
    requires "softlink"
    provenance {
        origin "observed"
        kind "git"
        url "https://github.com/coreyleavitt/nim-z3.git"
        ref "7d9abdaefecce2e4175354a73b047e2548dd2a19"
        commit_sha "7d9abdaefecce2e4175354a73b047e2548dd2a19"
    }
}
